
Microsoft Visual Studio Solution File, Format Version 12.00
# Visual Studio Version 17
VisualStudioVersion = 17.0.31903.59
MinimumVisualStudioVersion = 10.0.40219.1
Project("{FAE04EC0-301F-11D3-BF4B-00C04F79EFBC}") = "Generator", "Generator\Generator.csproj", "{F66EFD84-3605-474F-820E-D7DED3B6738F}"
EndProject
Project("{FAE04EC0-301F-11D3-BF4B-00C04F79EFBC}") = "PasswordClass", "PasswordClass\PasswordClass.csproj", "{CA79F22A-E546-41F7-98C2-4679F1CFE1C1}"
EndProject
Global
	GlobalSection(SolutionConfigurationPlatforms) = preSolution
		Debug|Any CPU = Debug|Any CPU
		Release|Any CPU = Release|Any CPU
	EndGlobalSection
	GlobalSection(SolutionProperties) = preSolution
		HideSolutionNode = FALSE
	EndGlobalSection
	GlobalSection(ProjectConfigurationPlatforms) = postSolution
		{F66EFD84-3605-474F-820E-D7DED3B6738F}.Debug|Any CPU.ActiveCfg = Debug|Any CPU
		{F66EFD84-3605-474F-820E-D7DED3B6738F}.Debug|Any CPU.Build.0 = Debug|Any CPU
		{F66EFD84-3605-474F-820E-D7DED3B6738F}.Release|Any CPU.ActiveCfg = Release|Any CPU
		{F66EFD84-3605-474F-820E-D7DED3B6738F}.Release|Any CPU.Build.0 = Release|Any CPU
		{CA79F22A-E546-41F7-98C2-4679F1CFE1C1}.Debug|Any CPU.ActiveCfg = Debug|Any CPU
		{CA79F22A-E546-41F7-98C2-4679F1CFE1C1}.Debug|Any CPU.Build.0 = Debug|Any CPU
		{CA79F22A-E546-41F7-98C2-4679F1CFE1C1}.Release|Any CPU.ActiveCfg = Release|Any CPU
		{CA79F22A-E546-41F7-98C2-4679F1CFE1C1}.Release|Any CPU.Build.0 = Release|Any CPU
	EndGlobalSection
EndGlobal
